
Microsoft Visual Studio Solution File, Format Version 12.00
# Visual Studio Version 17
VisualStudioVersion = 17.13.35828.75 d17.13
MinimumVisualStudioVersion = 10.0.40219.1
Project("{FAE04EC0-301F-11D3-BF4B-00C04F79EFBC}") = "LexiconUppgift3", "LexiconUppgift3\LexiconUppgift3.csproj", "{8BADDF5F-44F1-4457-885E-EE3832B7B383}"
EndProject
Global
	GlobalSection(SolutionConfigurationPlatforms) = preSolution
		Debug|Any CPU = Debug|Any CPU
		Release|Any CPU = Release|Any CPU
	EndGlobalSection
	GlobalSection(ProjectConfigurationPlatforms) = postSolution
		{8BADDF5F-44F1-4457-885E-EE3832B7B383}.Debug|Any CPU.ActiveCfg = Debug|Any CPU
		{8BADDF5F-44F1-4457-885E-EE3832B7B383}.Debug|Any CPU.Build.0 = Debug|Any CPU
		{8BADDF5F-44F1-4457-885E-EE3832B7B383}.Release|Any CPU.ActiveCfg = Release|Any CPU
		{8BADDF5F-44F1-4457-885E-EE3832B7B383}.Release|Any CPU.Build.0 = Release|Any CPU
	EndGlobalSection
	GlobalSection(SolutionProperties) = preSolution
		HideSolutionNode = FALSE
	EndGlobalSection
	GlobalSection(ExtensibilityGlobals) = postSolution
		SolutionGuid = {C27BB2E9-C849-4838-AE2E-D8DF3AD8D4F3}
	EndGlobalSection
EndGlobal
